
Microsoft Visual Studio Solution File, Format Version 12.00
# Visual Studio Version 17
VisualStudioVersion = 17.7.34031.279
MinimumVisualStudioVersion = 10.0.40219.1
Project("{FAE04EC0-301F-11D3-BF4B-00C04F79EFBC}") = "ClassLibrary1", "ClassLibrary1\ClassLibrary1.csproj", "{24FF33D7-4D18-4EC0-A383-DA307993D349}"
EndProject
Global
	GlobalSection(SolutionConfigurationPlatforms) = preSolution
		Debug|Any CPU = Debug|Any CPU
		Release|Any CPU = Release|Any CPU
	EndGlobalSection
	GlobalSection(ProjectConfigurationPlatforms) = postSolution
		{24FF33D7-4D18-4EC0-A383-DA307993D349}.Debug|Any CPU.ActiveCfg = Debug|Any CPU
		{24FF33D7-4D18-4EC0-A383-DA307993D349}.Debug|Any CPU.Build.0 = Debug|Any CPU
		{24FF33D7-4D18-4EC0-A383-DA307993D349}.Release|Any CPU.ActiveCfg = Release|Any CPU
		{24FF33D7-4D18-4EC0-A383-DA307993D349}.Release|Any CPU.Build.0 = Release|Any CPU
	EndGlobalSection
	GlobalSection(SolutionProperties) = preSolution
		HideSolutionNode = FALSE
	EndGlobalSection
	GlobalSection(ExtensibilityGlobals) = postSolution
		SolutionGuid = {A0657130-170C-4683-8D33-711EA4199C6F}
	EndGlobalSection
EndGlobal
